
Microsoft Visual Studio Solution File, Format Version 12.00
# Visual Studio Version 16
VisualStudioVersion = 16.0.29709.97
MinimumVisualStudioVersion = 10.0.40219.1
Project("{FAE04EC0-301F-11D3-BF4B-00C04F79EFBC}") = "PMS", "PMS.csproj", "{2CEB1A0E-9E3B-4A3C-A73C-8DCFAAE3DB9F}"
EndProject
Global
	GlobalSection(SolutionConfigurationPlatforms) = preSolution
		Debug|Any CPU = Debug|Any CPU
		Release|Any CPU = Release|Any CPU
	EndGlobalSection
	GlobalSection(ProjectConfigurationPlatforms) = postSolution
		{2CEB1A0E-9E3B-4A3C-A73C-8DCFAAE3DB9F}.Debug|Any CPU.ActiveCfg = Debug|Any CPU
		{2CEB1A0E-9E3B-4A3C-A73C-8DCFAAE3DB9F}.Debug|Any CPU.Build.0 = Debug|Any CPU
		{2CEB1A0E-9E3B-4A3C-A73C-8DCFAAE3DB9F}.Release|Any CPU.ActiveCfg = Release|Any CPU
		{2CEB1A0E-9E3B-4A3C-A73C-8DCFAAE3DB9F}.Release|Any CPU.Build.0 = Release|Any CPU
	EndGlobalSection
	GlobalSection(SolutionProperties) = preSolution
		HideSolutionNode = FALSE
	EndGlobalSection
	GlobalSection(ExtensibilityGlobals) = postSolution
		SolutionGuid = {687F4661-9233-43B7-95AD-8A451A3BF676}
	EndGlobalSection
EndGlobal
